
Microsoft Visual Studio Solution File, Format Version 12.00
# Visual Studio Version 16
VisualStudioVersion = 16.0.29911.84
MinimumVisualStudioVersion = 10.0.40219.1
Project("{FAE04EC0-301F-11D3-BF4B-00C04F79EFBC}") = "Performance", "Performance\Performance.csproj", "{AB9095FB-D1FA-4558-AB4E-FC1513BCFDB9}"
EndProject
Global
	GlobalSection(SolutionConfigurationPlatforms) = preSolution
		Debug|Any CPU = Debug|Any CPU
		Release|Any CPU = Release|Any CPU
	EndGlobalSection
	GlobalSection(ProjectConfigurationPlatforms) = postSolution
		{AB9095FB-D1FA-4558-AB4E-FC1513BCFDB9}.Debug|Any CPU.ActiveCfg = Debug|Any CPU
		{AB9095FB-D1FA-4558-AB4E-FC1513BCFDB9}.Debug|Any CPU.Build.0 = Debug|Any CPU
		{AB9095FB-D1FA-4558-AB4E-FC1513BCFDB9}.Release|Any CPU.ActiveCfg = Release|Any CPU
		{AB9095FB-D1FA-4558-AB4E-FC1513BCFDB9}.Release|Any CPU.Build.0 = Release|Any CPU
	EndGlobalSection
	GlobalSection(SolutionProperties) = preSolution
		HideSolutionNode = FALSE
	EndGlobalSection
	GlobalSection(ExtensibilityGlobals) = postSolution
		SolutionGuid = {4D7E5A2F-20DB-433C-B050-32861C1EE353}
	EndGlobalSection
EndGlobal
